
Microsoft Visual Studio Solution File, Format Version 12.00
# Visual Studio Version 16
VisualStudioVersion = 16.0.31702.278
MinimumVisualStudioVersion = 10.0.40219.1
Project("{FAE04EC0-301F-11D3-BF4B-00C04F79EFBC}") = "WebApp", "WebApp\WebApp.csproj", "{3ACD1D34-E357-4C9F-9C92-422A4AD49AF2}"
EndProject
Global
	GlobalSection(SolutionConfigurationPlatforms) = preSolution
		Debug|Any CPU = Debug|Any CPU
		Release|Any CPU = Release|Any CPU
	EndGlobalSection
	GlobalSection(ProjectConfigurationPlatforms) = postSolution
		{3ACD1D34-E357-4C9F-9C92-422A4AD49AF2}.Debug|Any CPU.ActiveCfg = Debug|Any CPU
		{3ACD1D34-E357-4C9F-9C92-422A4AD49AF2}.Debug|Any CPU.Build.0 = Debug|Any CPU
		{3ACD1D34-E357-4C9F-9C92-422A4AD49AF2}.Release|Any CPU.ActiveCfg = Release|Any CPU
		{3ACD1D34-E357-4C9F-9C92-422A4AD49AF2}.Release|Any CPU.Build.0 = Release|Any CPU
	EndGlobalSection
	GlobalSection(SolutionProperties) = preSolution
		HideSolutionNode = FALSE
	EndGlobalSection
	GlobalSection(ExtensibilityGlobals) = postSolution
		SolutionGuid = {CF24C0F1-CB0A-4E37-AB89-BAB207A07E02}
	EndGlobalSection
EndGlobal
